// !$*UTF8*$!
{
	archiveVersion = 1;
	classes = {
	};
	objectVersion = 60;
	objects = {

/* Begin PBXBuildFile section */
		AA15A12C2C79C90D00303776 /* GUX.m in Sources */ = {isa = PBXBuildFile; fileRef = AA15A12A2C79C90D00303776 /* GUX.m */; };
		AA15A12E2C7A0DE300303776 /* WidgetViewController.m in Sources */ = {isa = PBXBuildFile; fileRef = AA15A12D2C7A0DE200303776 /* WidgetViewController.m */; };
		AA15A1312C7A0E2A00303776 /* PageViewController.m in Sources */ = {isa = PBXBuildFile; fileRef = AA15A1302C7A0E2A00303776 /* PageViewController.m */; };
		AA15A1352C7A15C200303776 /* ApplicationViewController.m in Sources */ = {isa = PBXBuildFile; fileRef = AA15A1342C7A15C200303776 /* ApplicationViewController.m */; };
		AA271DE22C81C36F000C266D /* LineChartViewController.m in Sources */ = {isa = PBXBuildFile; fileRef = AA271DDD2C81C1CC000C266D /* LineChartViewController.m */; };
		AA271DE32C81C36F000C266D /* PieChartViewController.m in Sources */ = {isa = PBXBuildFile; fileRef = AA271DDF2C81C200000C266D /* PieChartViewController.m */; };
		AA271DE42C81C36F000C266D /* GaugeChartViewController.m in Sources */ = {isa = PBXBuildFile; fileRef = AA271DE12C81C297000C266D /* GaugeChartViewController.m */; };
		AA271DEB2C821126000C266D /* GXCircularPercentage.m in Sources */ = {isa = PBXBuildFile; fileRef = AA271DE82C820676000C266D /* GXCircularPercentage.m */; };
		AA271DEC2C821126000C266D /* GXCircularPercentageLayer.m in Sources */ = {isa = PBXBuildFile; fileRef = AA271DEA2C8206A4000C266D /* GXCircularPercentageLayer.m */; };
		AA2799152C7EF2F0008C4660 /* SwiperNavigatorViewController.m in Sources */ = {isa = PBXBuildFile; fileRef = AA2799142C7EF1CD008C4660 /* SwiperNavigatorViewController.m */; };
		AA4F333D2C7C933D00F37F51 /* XHR.m in Sources */ = {isa = PBXBuildFile; fileRef = AA4F333C2C7C933D00F37F51 /* XHR.m */; };
		AA4F33402C7CA9D000F37F51 /* DSFSparkline in Frameworks */ = {isa = PBXBuildFile; productRef = AA4F333F2C7CA9D000F37F51 /* DSFSparkline */; };
		AA4F33442C7CA9D000F37F51 /* DSFSparkline-static in Frameworks */ = {isa = PBXBuildFile; productRef = AA4F33432C7CA9D000F37F51 /* DSFSparkline-static */; };
		AA4F33472C7CCE6D00F37F51 /* GridNavigatorViewController.m in Sources */ = {isa = PBXBuildFile; fileRef = AA4F33462C7CCE6D00F37F51 /* GridNavigatorViewController.m */; };
		AA4F595D2C80AFA200846508 /* iconfont.ttf in Resources */ = {isa = PBXBuildFile; fileRef = AA4F595C2C80AFA200846508 /* iconfont.ttf */; };
		AA4F59612C80BF5400846508 /* GXTextField.m in Sources */ = {isa = PBXBuildFile; fileRef = AA4F59602C80BF5400846508 /* GXTextField.m */; };
		AA4F59642C80DA8100846508 /* GXListView.m in Sources */ = {isa = PBXBuildFile; fileRef = AA4F59632C80DA8100846508 /* GXListView.m */; };
		AA500CF02C7F5C1A00D8AAD2 /* iCarousel.m in Sources */ = {isa = PBXBuildFile; fileRef = AA500CEE2C7F5C1A00D8AAD2 /* iCarousel.m */; };
		AA500CF52C7F7BAD00D8AAD2 /* GXTwoColumnForm.m in Sources */ = {isa = PBXBuildFile; fileRef = AA500CF42C7F7BAD00D8AAD2 /* GXTwoColumnForm.m */; };
		AA500CF82C7F7BD600D8AAD2 /* GXSingleColumnForm.m in Sources */ = {isa = PBXBuildFile; fileRef = AA500CF72C7F7BD600D8AAD2 /* GXSingleColumnForm.m */; };
		AA500CFC2C7F94E900D8AAD2 /* SDK.m in Sources */ = {isa = PBXBuildFile; fileRef = AA500CFB2C7F94E900D8AAD2 /* SDK.m */; };
		AA502E9D2C7E278B00691C96 /* ScrollNavigatorViewController.m in Sources */ = {isa = PBXBuildFile; fileRef = AA502E9C2C7E243A00691C96 /* ScrollNavigatorViewController.m */; };
		AA72D6332C80875900957AAB /* ActionSheetPicker-3.0 in Frameworks */ = {isa = PBXBuildFile; productRef = AA72D6322C80875900957AAB /* ActionSheetPicker-3.0 */; };
		AA99C6832C79059A008B53E9 /* WelcomeViewController.m in Sources */ = {isa = PBXBuildFile; fileRef = AA99C6822C79059A008B53E9 /* WelcomeViewController.m */; };
		AAA252402C7D8D0A00DD699C /* Toast.framework in Frameworks */ = {isa = PBXBuildFile; fileRef = AA4F33392C7C881D00F37F51 /* Toast.framework */; };
		AAA252412C7D8D0A00DD699C /* Toast.framework in Embed Frameworks */ = {isa = PBXBuildFile; fileRef = AA4F33392C7C881D00F37F51 /* Toast.framework */; settings = {ATTRIBUTES = (CodeSignOnCopy, RemoveHeadersOnCopy, ); }; };
		AAA252442C7D99CE00DD699C /* ListNavigatorViewController.m in Sources */ = {isa = PBXBuildFile; fileRef = AAA252432C7D99CE00DD699C /* ListNavigatorViewController.m */; };
		AAA252482C7DB64A00DD699C /* DGCharts in Frameworks */ = {isa = PBXBuildFile; productRef = AAA252472C7DB64A00DD699C /* DGCharts */; };
		AAB2B68C2C7FD6CC00A7F33C /* EditableFormViewController.m in Sources */ = {isa = PBXBuildFile; fileRef = AAB2B6892C7FD4FE00A7F33C /* EditableFormViewController.m */; };
		AAB2B68D2C7FD6CC00A7F33C /* ReadonlyFormViewController.m in Sources */ = {isa = PBXBuildFile; fileRef = AAB2B68B2C7FD61000A7F33C /* ReadonlyFormViewController.m */; };
		AAB2B6932C7FE0F800A7F33C /* GXScrollNotification.m in Sources */ = {isa = PBXBuildFile; fileRef = AAB2B6902C7FDCC300A7F33C /* GXScrollNotification.m */; };
		AAC972AF2C78FE3000C4CDB9 /* AppDelegate.m in Sources */ = {isa = PBXBuildFile; fileRef = AAC972AE2C78FE3000C4CDB9 /* AppDelegate.m */; };
		AAC972B52C78FE3000C4CDB9 /* MainViewController.m in Sources */ = {isa = PBXBuildFile; fileRef = AAC972B42C78FE3000C4CDB9 /* MainViewController.m */; };
		AAC972BA2C78FE3200C4CDB9 /* Assets.xcassets in Resources */ = {isa = PBXBuildFile; fileRef = AAC972B92C78FE3200C4CDB9 /* Assets.xcassets */; };
		AAC972C02C78FE3200C4CDB9 /* main.m in Sources */ = {isa = PBXBuildFile; fileRef = AAC972BF2C78FE3200C4CDB9 /* main.m */; };
		AAEA22A22C7BC8F500CBD9F4 /* FSCalendar in Frameworks */ = {isa = PBXBuildFile; productRef = AAEA22A12C7BC8F500CBD9F4 /* FSCalendar */; };
		AAEA22A42C7BC97900CBD9F4 /* CalendarViewController.m in Sources */ = {isa = PBXBuildFile; fileRef = AAEA22A32C7BC97900CBD9F4 /* CalendarViewController.m */; };
		AAEA22A82C7BD1CB00CBD9F4 /* TabsViewController.m in Sources */ = {isa = PBXBuildFile; fileRef = AAEA22A72C7BD1CB00CBD9F4 /* TabsViewController.m */; };
		AAEBD8E22C81A17A00DE4239 /* BarChartViewController.m in Sources */ = {isa = PBXBuildFile; fileRef = AAEBD8E12C81A0D200DE4239 /* BarChartViewController.m */; };
		AAF16B752C7B11A9001F8EAB /* GXSwiperNavigator.m in Sources */ = {isa = PBXBuildFile; fileRef = AAF16B742C7B11A9001F8EAB /* GXSwiperNavigator.m */; };
		AAF16B782C7B6E29001F8EAB /* Styles.m in Sources */ = {isa = PBXBuildFile; fileRef = AAF16B772C7B6E29001F8EAB /* Styles.m */; };
		AAF16B7C2C7B96A8001F8EAB /* ListViewViewController.m in Sources */ = {isa = PBXBuildFile; fileRef = AAF16B7B2C7B96A8001F8EAB /* ListViewViewController.m */; };
		AAF7CA572C82A83A00AF9574 /* BottomSheetViewController.m in Sources */ = {isa = PBXBuildFile; fileRef = AAF7CA562C82A7F200AF9574 /* BottomSheetViewController.m */; };
		AAF7CA5E2C8374C100AF9574 /* GXGridView.m in Sources */ = {isa = PBXBuildFile; fileRef = AAF7CA5B2C83703600AF9574 /* GXGridView.m */; };
		AAF7CA612C837CAA00AF9574 /* GridViewViewController.m in Sources */ = {isa = PBXBuildFile; fileRef = AAF7CA602C837CAA00AF9574 /* GridViewViewController.m */; };
/* End PBXBuildFile section */

/* Begin PBXContainerItemProxy section */
		AAA252382C7D7D0500DD699C /* PBXContainerItemProxy */ = {
			isa = PBXContainerItemProxy;
			containerPortal = AA4F332E2C7C866A00F37F51 /* Toast.xcodeproj */;
			proxyType = 2;
			remoteGlobalIDString = 151FC0D213D34B7A007DC282;
			remoteInfo = "Toast-Example";
		};
		AAA2523A2C7D7D0500DD699C /* PBXContainerItemProxy */ = {
			isa = PBXContainerItemProxy;
			containerPortal = AA4F332E2C7C866A00F37F51 /* Toast.xcodeproj */;
			proxyType = 2;
			remoteGlobalIDString = 152C43F01DCC1E0E00430487;
			remoteInfo = Toast;
		};
/* End PBXContainerItemProxy section */

/* Begin PBXCopyFilesBuildPhase section */
		AAA252422C7D8D0A00DD699C /* Embed Frameworks */ = {
			isa = PBXCopyFilesBuildPhase;
			buildActionMask = 2147483647;
			dstPath = "";
			dstSubfolderSpec = 10;
			files = (
				AAA252412C7D8D0A00DD699C /* Toast.framework in Embed Frameworks */,
			);
			name = "Embed Frameworks";
			runOnlyForDeploymentPostprocessing = 0;
		};
/* End PBXCopyFilesBuildPhase section */

/* Begin PBXFileReference section */
		AA15A12A2C79C90D00303776 /* GUX.m */ = {isa = PBXFileReference; fileEncoding = 4; lastKnownFileType = sourcecode.c.objc; path = GUX.m; sourceTree = "<group>"; };
		AA15A12B2C79C90D00303776 /* GUX.h */ = {isa = PBXFileReference; fileEncoding = 4; lastKnownFileType = sourcecode.c.h; path = GUX.h; sourceTree = "<group>"; };
		AA15A12D2C7A0DE200303776 /* WidgetViewController.m */ = {isa = PBXFileReference; lastKnownFileType = sourcecode.c.objc; path = WidgetViewController.m; sourceTree = "<group>"; };
		AA15A12F2C7A0DF900303776 /* WidgetViewController.h */ = {isa = PBXFileReference; lastKnownFileType = sourcecode.c.h; path = WidgetViewController.h; sourceTree = "<group>"; };
		AA15A1302C7A0E2A00303776 /* PageViewController.m */ = {isa = PBXFileReference; lastKnownFileType = sourcecode.c.objc; path = PageViewController.m; sourceTree = "<group>"; };
		AA15A1322C7A0E4600303776 /* PageViewController.h */ = {isa = PBXFileReference; lastKnownFileType = sourcecode.c.h; path = PageViewController.h; sourceTree = "<group>"; };
		AA15A1332C7A15B000303776 /* ApplicationViewController.h */ = {isa = PBXFileReference; lastKnownFileType = sourcecode.c.h; path = ApplicationViewController.h; sourceTree = "<group>"; };
		AA15A1342C7A15C200303776 /* ApplicationViewController.m */ = {isa = PBXFileReference; lastKnownFileType = sourcecode.c.objc; path = ApplicationViewController.m; sourceTree = "<group>"; };
		AA271DDC2C81C1B9000C266D /* LineChartViewController.h */ = {isa = PBXFileReference; lastKnownFileType = sourcecode.c.h; path = LineChartViewController.h; sourceTree = "<group>"; };
		AA271DDD2C81C1CC000C266D /* LineChartViewController.m */ = {isa = PBXFileReference; lastKnownFileType = sourcecode.c.objc; path = LineChartViewController.m; sourceTree = "<group>"; };
		AA271DDE2C81C1E9000C266D /* PieChartViewController.h */ = {isa = PBXFileReference; lastKnownFileType = sourcecode.c.h; path = PieChartViewController.h; sourceTree = "<group>"; };
		AA271DDF2C81C200000C266D /* PieChartViewController.m */ = {isa = PBXFileReference; lastKnownFileType = sourcecode.c.objc; path = PieChartViewController.m; sourceTree = "<group>"; };
		AA271DE02C81C286000C266D /* GaugeChartViewController.h */ = {isa = PBXFileReference; lastKnownFileType = sourcecode.c.h; path = GaugeChartViewController.h; sourceTree = "<group>"; };
		AA271DE12C81C297000C266D /* GaugeChartViewController.m */ = {isa = PBXFileReference; lastKnownFileType = sourcecode.c.objc; path = GaugeChartViewController.m; sourceTree = "<group>"; };
		AA271DE72C820661000C266D /* GXCircularPercentage.h */ = {isa = PBXFileReference; lastKnownFileType = sourcecode.c.h; path = GXCircularPercentage.h; sourceTree = "<group>"; };
		AA271DE82C820676000C266D /* GXCircularPercentage.m */ = {isa = PBXFileReference; lastKnownFileType = sourcecode.c.objc; path = GXCircularPercentage.m; sourceTree = "<group>"; };
		AA271DE92C82068D000C266D /* GXCircularPercentageLayer.h */ = {isa = PBXFileReference; lastKnownFileType = sourcecode.c.h; path = GXCircularPercentageLayer.h; sourceTree = "<group>"; };
		AA271DEA2C8206A4000C266D /* GXCircularPercentageLayer.m */ = {isa = PBXFileReference; lastKnownFileType = sourcecode.c.objc; path = GXCircularPercentageLayer.m; sourceTree = "<group>"; };
		AA2799132C7EF1B7008C4660 /* SwiperNavigatorViewController.h */ = {isa = PBXFileReference; lastKnownFileType = sourcecode.c.h; path = SwiperNavigatorViewController.h; sourceTree = "<group>"; };
		AA2799142C7EF1CD008C4660 /* SwiperNavigatorViewController.m */ = {isa = PBXFileReference; lastKnownFileType = sourcecode.c.objc; path = SwiperNavigatorViewController.m; sourceTree = "<group>"; };
		AA4F332E2C7C866A00F37F51 /* Toast.xcodeproj */ = {isa = PBXFileReference; lastKnownFileType = "wrapper.pb-project"; name = Toast.xcodeproj; path = "Toast-4.1.1/Toast.xcodeproj"; sourceTree = "<group>"; };
		AA4F33392C7C881D00F37F51 /* Toast.framework */ = {isa = PBXFileReference; explicitFileType = wrapper.framework; path = Toast.framework; sourceTree = BUILT_PRODUCTS_DIR; };
		AA4F333B2C7C933300F37F51 /* XHR.h */ = {isa = PBXFileReference; lastKnownFileType = sourcecode.c.h; path = XHR.h; sourceTree = "<group>"; };
		AA4F333C2C7C933D00F37F51 /* XHR.m */ = {isa = PBXFileReference; lastKnownFileType = sourcecode.c.objc; path = XHR.m; sourceTree = "<group>"; };
		AA4F33452C7CCE4900F37F51 /* GridNavigatorViewController.h */ = {isa = PBXFileReference; lastKnownFileType = sourcecode.c.h; path = GridNavigatorViewController.h; sourceTree = "<group>"; };
		AA4F33462C7CCE6D00F37F51 /* GridNavigatorViewController.m */ = {isa = PBXFileReference; lastKnownFileType = sourcecode.c.objc; path = GridNavigatorViewController.m; sourceTree = "<group>"; };
		AA4F595C2C80AFA200846508 /* iconfont.ttf */ = {isa = PBXFileReference; lastKnownFileType = file; path = iconfont.ttf; sourceTree = "<group>"; };
		AA4F595F2C80BF4300846508 /* GXTextField.h */ = {isa = PBXFileReference; lastKnownFileType = sourcecode.c.h; path = GXTextField.h; sourceTree = "<group>"; };
		AA4F59602C80BF5400846508 /* GXTextField.m */ = {isa = PBXFileReference; lastKnownFileType = sourcecode.c.objc; path = GXTextField.m; sourceTree = "<group>"; };
		AA4F59622C80DA7100846508 /* GXListView.h */ = {isa = PBXFileReference; lastKnownFileType = sourcecode.c.h; path = GXListView.h; sourceTree = "<group>"; };
		AA4F59632C80DA8100846508 /* GXListView.m */ = {isa = PBXFileReference; lastKnownFileType = sourcecode.c.objc; path = GXListView.m; sourceTree = "<group>"; };
		AA4F59652C80DA9000846508 /* GXListViewDelegate.h */ = {isa = PBXFileReference; lastKnownFileType = sourcecode.c.h; path = GXListViewDelegate.h; sourceTree = "<group>"; };
		AA4F59672C80DAAD00846508 /* GXListViewDataSource.h */ = {isa = PBXFileReference; lastKnownFileType = sourcecode.c.h; path = GXListViewDataSource.h; sourceTree = "<group>"; };
		AA500CEE2C7F5C1A00D8AAD2 /* iCarousel.m */ = {isa = PBXFileReference; fileEncoding = 4; lastKnownFileType = sourcecode.c.objc; path = iCarousel.m; sourceTree = "<group>"; };
		AA500CEF2C7F5C1A00D8AAD2 /* iCarousel.h */ = {isa = PBXFileReference; fileEncoding = 4; lastKnownFileType = sourcecode.c.h; path = iCarousel.h; sourceTree = "<group>"; };
		AA500CF32C7F7B9E00D8AAD2 /* GXTwoColumnForm.h */ = {isa = PBXFileReference; lastKnownFileType = sourcecode.c.h; path = GXTwoColumnForm.h; sourceTree = "<group>"; };
		AA500CF42C7F7BAD00D8AAD2 /* GXTwoColumnForm.m */ = {isa = PBXFileReference; lastKnownFileType = sourcecode.c.objc; path = GXTwoColumnForm.m; sourceTree = "<group>"; };
		AA500CF62C7F7BC200D8AAD2 /* GXSingleColumnForm.h */ = {isa = PBXFileReference; lastKnownFileType = sourcecode.c.h; path = GXSingleColumnForm.h; sourceTree = "<group>"; };
		AA500CF72C7F7BD600D8AAD2 /* GXSingleColumnForm.m */ = {isa = PBXFileReference; lastKnownFileType = sourcecode.c.objc; path = GXSingleColumnForm.m; sourceTree = "<group>"; };
		AA500CFA2C7F94D500D8AAD2 /* SDK.h */ = {isa = PBXFileReference; lastKnownFileType = sourcecode.c.h; path = SDK.h; sourceTree = "<group>"; };
		AA500CFB2C7F94E900D8AAD2 /* SDK.m */ = {isa = PBXFileReference; lastKnownFileType = sourcecode.c.objc; path = SDK.m; sourceTree = "<group>"; };
		AA502E9B2C7E242700691C96 /* ScrollNavigatorViewController.h */ = {isa = PBXFileReference; lastKnownFileType = sourcecode.c.h; path = ScrollNavigatorViewController.h; sourceTree = "<group>"; };
		AA502E9C2C7E243A00691C96 /* ScrollNavigatorViewController.m */ = {isa = PBXFileReference; lastKnownFileType = sourcecode.c.objc; path = ScrollNavigatorViewController.m; sourceTree = "<group>"; };
		AA72D6282C803F8700957AAB /* GXScrollNotificationDataSource.h */ = {isa = PBXFileReference; fileEncoding = 4; lastKnownFileType = sourcecode.c.h; path = GXScrollNotificationDataSource.h; sourceTree = "<group>"; };
		AA72D6292C803F8700957AAB /* GXScrollNotificationDelegate.h */ = {isa = PBXFileReference; fileEncoding = 4; lastKnownFileType = sourcecode.c.h; path = GXScrollNotificationDelegate.h; sourceTree = "<group>"; };
		AA72D62A2C803FA800957AAB /* GXSwiperNavigatorDelegate.h */ = {isa = PBXFileReference; lastKnownFileType = sourcecode.c.h; path = GXSwiperNavigatorDelegate.h; sourceTree = "<group>"; };
		AA72D62D2C803FD300957AAB /* GXSwiperNavigatorDataSource.h */ = {isa = PBXFileReference; lastKnownFileType = sourcecode.c.h; path = GXSwiperNavigatorDataSource.h; sourceTree = "<group>"; };
		AA99C6822C79059A008B53E9 /* WelcomeViewController.m */ = {isa = PBXFileReference; lastKnownFileType = sourcecode.c.objc; path = WelcomeViewController.m; sourceTree = "<group>"; };
		AA99C6842C7905AB008B53E9 /* WelcomeViewController.h */ = {isa = PBXFileReference; lastKnownFileType = sourcecode.c.h; path = WelcomeViewController.h; sourceTree = "<group>"; };
		AAA252432C7D99CE00DD699C /* ListNavigatorViewController.m */ = {isa = PBXFileReference; lastKnownFileType = sourcecode.c.objc; path = ListNavigatorViewController.m; sourceTree = "<group>"; };
		AAA252452C7D99DE00DD699C /* ListNavigatorViewController.h */ = {isa = PBXFileReference; lastKnownFileType = sourcecode.c.h; path = ListNavigatorViewController.h; sourceTree = "<group>"; };
		AAB2B6882C7FD4E900A7F33C /* EditableFormViewController.h */ = {isa = PBXFileReference; lastKnownFileType = sourcecode.c.h; path = EditableFormViewController.h; sourceTree = "<group>"; };
		AAB2B6892C7FD4FE00A7F33C /* EditableFormViewController.m */ = {isa = PBXFileReference; lastKnownFileType = sourcecode.c.objc; path = EditableFormViewController.m; sourceTree = "<group>"; };
		AAB2B68A2C7FD61000A7F33C /* ReadonlyFormViewController.h */ = {isa = PBXFileReference; lastKnownFileType = sourcecode.c.h; path = ReadonlyFormViewController.h; sourceTree = "<group>"; };
		AAB2B68B2C7FD61000A7F33C /* ReadonlyFormViewController.m */ = {isa = PBXFileReference; lastKnownFileType = sourcecode.c.objc; path = ReadonlyFormViewController.m; sourceTree = "<group>"; };
		AAB2B68F2C7FDCB200A7F33C /* GXScrollNotification.h */ = {isa = PBXFileReference; lastKnownFileType = sourcecode.c.h; path = GXScrollNotification.h; sourceTree = "<group>"; };
		AAB2B6902C7FDCC300A7F33C /* GXScrollNotification.m */ = {isa = PBXFileReference; lastKnownFileType = sourcecode.c.objc; path = GXScrollNotification.m; sourceTree = "<group>"; };
		AAC972AA2C78FE3000C4CDB9 /* gux-cocoatouch-objectivec.app */ = {isa = PBXFileReference; explicitFileType = wrapper.application; includeInIndex = 0; path = "gux-cocoatouch-objectivec.app"; sourceTree = BUILT_PRODUCTS_DIR; };
		AAC972AD2C78FE3000C4CDB9 /* AppDelegate.h */ = {isa = PBXFileReference; lastKnownFileType = sourcecode.c.h; path = AppDelegate.h; sourceTree = "<group>"; };
		AAC972AE2C78FE3000C4CDB9 /* AppDelegate.m */ = {isa = PBXFileReference; lastKnownFileType = sourcecode.c.objc; path = AppDelegate.m; sourceTree = "<group>"; };
		AAC972B32C78FE3000C4CDB9 /* MainViewController.h */ = {isa = PBXFileReference; lastKnownFileType = sourcecode.c.h; path = MainViewController.h; sourceTree = "<group>"; };
		AAC972B42C78FE3000C4CDB9 /* MainViewController.m */ = {isa = PBXFileReference; lastKnownFileType = sourcecode.c.objc; path = MainViewController.m; sourceTree = "<group>"; };
		AAC972B92C78FE3200C4CDB9 /* Assets.xcassets */ = {isa = PBXFileReference; lastKnownFileType = folder.assetcatalog; path = Assets.xcassets; sourceTree = "<group>"; };
		AAC972BE2C78FE3200C4CDB9 /* Info.plist */ = {isa = PBXFileReference; lastKnownFileType = text.plist.xml; path = Info.plist; sourceTree = "<group>"; };
		AAC972BF2C78FE3200C4CDB9 /* main.m */ = {isa = PBXFileReference; lastKnownFileType = sourcecode.c.objc; path = main.m; sourceTree = "<group>"; };
		AAEA22A32C7BC97900CBD9F4 /* CalendarViewController.m */ = {isa = PBXFileReference; lastKnownFileType = sourcecode.c.objc; path = CalendarViewController.m; sourceTree = "<group>"; };
		AAEA22A52C7BC98700CBD9F4 /* CalendarViewController.h */ = {isa = PBXFileReference; lastKnownFileType = sourcecode.c.h; path = CalendarViewController.h; sourceTree = "<group>"; };
		AAEA22A62C7BD1B800CBD9F4 /* TabsViewController.h */ = {isa = PBXFileReference; lastKnownFileType = sourcecode.c.h; path = TabsViewController.h; sourceTree = "<group>"; };
		AAEA22A72C7BD1CB00CBD9F4 /* TabsViewController.m */ = {isa = PBXFileReference; lastKnownFileType = sourcecode.c.objc; path = TabsViewController.m; sourceTree = "<group>"; };
		AAEBD8E02C81A0BC00DE4239 /* BarChartViewController.h */ = {isa = PBXFileReference; lastKnownFileType = sourcecode.c.h; path = BarChartViewController.h; sourceTree = "<group>"; };
		AAEBD8E12C81A0D200DE4239 /* BarChartViewController.m */ = {isa = PBXFileReference; lastKnownFileType = sourcecode.c.objc; path = BarChartViewController.m; sourceTree = "<group>"; };
		AAF16B732C7B11A9001F8EAB /* GXSwiperNavigator.h */ = {isa = PBXFileReference; fileEncoding = 4; lastKnownFileType = sourcecode.c.h; path = GXSwiperNavigator.h; sourceTree = "<group>"; };
		AAF16B742C7B11A9001F8EAB /* GXSwiperNavigator.m */ = {isa = PBXFileReference; fileEncoding = 4; lastKnownFileType = sourcecode.c.objc; path = GXSwiperNavigator.m; sourceTree = "<group>"; };
		AAF16B762C7B6E1D001F8EAB /* Styles.h */ = {isa = PBXFileReference; lastKnownFileType = sourcecode.c.h; path = Styles.h; sourceTree = "<group>"; };
		AAF16B772C7B6E29001F8EAB /* Styles.m */ = {isa = PBXFileReference; lastKnownFileType = sourcecode.c.objc; path = Styles.m; sourceTree = "<group>"; };
		AAF16B7B2C7B96A8001F8EAB /* ListViewViewController.m */ = {isa = PBXFileReference; lastKnownFileType = sourcecode.c.objc; path = ListViewViewController.m; sourceTree = "<group>"; };
		AAF16B7D2C7B96B7001F8EAB /* ListViewViewController.h */ = {isa = PBXFileReference; lastKnownFileType = sourcecode.c.h; path = ListViewViewController.h; sourceTree = "<group>"; };
		AAF7CA552C82A7DD00AF9574 /* BottomSheetViewController.h */ = {isa = PBXFileReference; lastKnownFileType = sourcecode.c.h; path = BottomSheetViewController.h; sourceTree = "<group>"; };
		AAF7CA562C82A7F200AF9574 /* BottomSheetViewController.m */ = {isa = PBXFileReference; lastKnownFileType = sourcecode.c.objc; path = BottomSheetViewController.m; sourceTree = "<group>"; };
		AAF7CA5A2C83702600AF9574 /* GXGridView.h */ = {isa = PBXFileReference; lastKnownFileType = sourcecode.c.h; path = GXGridView.h; sourceTree = "<group>"; };
		AAF7CA5B2C83703600AF9574 /* GXGridView.m */ = {isa = PBXFileReference; lastKnownFileType = sourcecode.c.objc; path = GXGridView.m; sourceTree = "<group>"; };
		AAF7CA5C2C83704700AF9574 /* GXGridViewDataSource.h */ = {isa = PBXFileReference; lastKnownFileType = sourcecode.c.h; path = GXGridViewDataSource.h; sourceTree = "<group>"; };
		AAF7CA5D2C83705900AF9574 /* GXGridViewDelegate.h */ = {isa = PBXFileReference; lastKnownFileType = sourcecode.c.h; path = GXGridViewDelegate.h; sourceTree = "<group>"; };
		AAF7CA5F2C837C9200AF9574 /* GridViewViewController.h */ = {isa = PBXFileReference; lastKnownFileType = sourcecode.c.h; path = GridViewViewController.h; sourceTree = "<group>"; };
		AAF7CA602C837CAA00AF9574 /* GridViewViewController.m */ = {isa = PBXFileReference; lastKnownFileType = sourcecode.c.objc; path = GridViewViewController.m; sourceTree = "<group>"; };
/* End PBXFileReference section */

/* Begin PBXFrameworksBuildPhase section */
		AAC972A72C78FE3000C4CDB9 /* Frameworks */ = {
			isa = PBXFrameworksBuildPhase;
			buildActionMask = 2147483647;
			files = (
				AA4F33442C7CA9D000F37F51 /* DSFSparkline-static in Frameworks */,
				AAEA22A22C7BC8F500CBD9F4 /* FSCalendar in Frameworks */,
				AAA252482C7DB64A00DD699C /* DGCharts in Frameworks */,
				AAA252402C7D8D0A00DD699C /* Toast.framework in Frameworks */,
				AA72D6332C80875900957AAB /* ActionSheetPicker-3.0 in Frameworks */,
				AA4F33402C7CA9D000F37F51 /* DSFSparkline in Frameworks */,
			);
			runOnlyForDeploymentPostprocessing = 0;
		};
/* End PBXFrameworksBuildPhase section */

/* Begin PBXGroup section */
		AA15A1212C79C4F000303776 /* Vendors */ = {
			isa = PBXGroup;
			children = (
				AA500CEC2C7F5BD900D8AAD2 /* iCarousel-1.8.3 */,
				AA4F332E2C7C866A00F37F51 /* Toast.xcodeproj */,
				AA15A1222C79C4F900303776 /* GUX */,
			);
			path = Vendors;
			sourceTree = "<group>";
		};
		AA15A1222C79C4F900303776 /* GUX */ = {
			isa = PBXGroup;
			children = (
				AA15A1232C79C50000303776 /* Common */,
				AAF16B712C7B1146001F8EAB /* Widget */,
			);
			path = GUX;
			sourceTree = "<group>";
		};
		AA15A1232C79C50000303776 /* Common */ = {
			isa = PBXGroup;
			children = (
				AA15A12B2C79C90D00303776 /* GUX.h */,
				AA15A12A2C79C90D00303776 /* GUX.m */,
				AA4F333B2C7C933300F37F51 /* XHR.h */,
				AA4F333C2C7C933D00F37F51 /* XHR.m */,
			);
			path = Common;
			sourceTree = "<group>";
		};
		AA271DE62C81E614000C266D /* CircularPercentage */ = {
			isa = PBXGroup;
			children = (
				AA271DE72C820661000C266D /* GXCircularPercentage.h */,
				AA271DE82C820676000C266D /* GXCircularPercentage.m */,
				AA271DE92C82068D000C266D /* GXCircularPercentageLayer.h */,
				AA271DEA2C8206A4000C266D /* GXCircularPercentageLayer.m */,
			);
			path = CircularPercentage;
			sourceTree = "<group>";
		};
		AA4F33372C7C87CD00F37F51 /* Frameworks */ = {
			isa = PBXGroup;
			children = (
				AA4F33392C7C881D00F37F51 /* Toast.framework */,
			);
			name = Frameworks;
			sourceTree = "<group>";
		};
		AA4F595A2C809E7800846508 /* ListView */ = {
			isa = PBXGroup;
			children = (
				AA4F59622C80DA7100846508 /* GXListView.h */,
				AA4F59632C80DA8100846508 /* GXListView.m */,
				AA4F59672C80DAAD00846508 /* GXListViewDataSource.h */,
				AA4F59652C80DA9000846508 /* GXListViewDelegate.h */,
			);
			path = ListView;
			sourceTree = "<group>";
		};
		AA4F595B2C80A1FD00846508 /* GridView */ = {
			isa = PBXGroup;
			children = (
				AAF7CA5A2C83702600AF9574 /* GXGridView.h */,
				AAF7CA5B2C83703600AF9574 /* GXGridView.m */,
				AAF7CA5C2C83704700AF9574 /* GXGridViewDataSource.h */,
				AAF7CA5D2C83705900AF9574 /* GXGridViewDelegate.h */,
			);
			path = GridView;
			sourceTree = "<group>";
		};
		AA4F595E2C80BF2900846508 /* Common */ = {
			isa = PBXGroup;
			children = (
				AA4F595F2C80BF4300846508 /* GXTextField.h */,
				AA4F59602C80BF5400846508 /* GXTextField.m */,
			);
			path = Common;
			sourceTree = "<group>";
		};
		AA500CEC2C7F5BD900D8AAD2 /* iCarousel-1.8.3 */ = {
			isa = PBXGroup;
			children = (
				AA500CED2C7F5BF400D8AAD2 /* iCarousel */,
			);
			path = "iCarousel-1.8.3";
			sourceTree = "<group>";
		};
		AA500CED2C7F5BF400D8AAD2 /* iCarousel */ = {
			isa = PBXGroup;
			children = (
				AA500CEF2C7F5C1A00D8AAD2 /* iCarousel.h */,
				AA500CEE2C7F5C1A00D8AAD2 /* iCarousel.m */,
			);
			path = iCarousel;
			sourceTree = "<group>";
		};
		AA500CF12C7F7B7500D8AAD2 /* SingleColumnForm */ = {
			isa = PBXGroup;
			children = (
				AA500CF62C7F7BC200D8AAD2 /* GXSingleColumnForm.h */,
				AA500CF72C7F7BD600D8AAD2 /* GXSingleColumnForm.m */,
			);
			path = SingleColumnForm;
			sourceTree = "<group>";
		};
		AA500CF22C7F7B8500D8AAD2 /* TwoColumnForm */ = {
			isa = PBXGroup;
			children = (
				AA500CF32C7F7B9E00D8AAD2 /* GXTwoColumnForm.h */,
				AA500CF42C7F7BAD00D8AAD2 /* GXTwoColumnForm.m */,
			);
			path = TwoColumnForm;
			sourceTree = "<group>";
		};
		AA99C6812C790580008B53E9 /* VC */ = {
			isa = PBXGroup;
			children = (
				AAF16B7A2C7B9677001F8EAB /* Navigable */,
				AAF16B792C7B966D001F8EAB /* Page */,
				AAC972B32C78FE3000C4CDB9 /* MainViewController.h */,
				AAC972B42C78FE3000C4CDB9 /* MainViewController.m */,
				AA99C6842C7905AB008B53E9 /* WelcomeViewController.h */,
				AA99C6822C79059A008B53E9 /* WelcomeViewController.m */,
			);
			path = VC;
			sourceTree = "<group>";
		};
		AAA252342C7D7D0500DD699C /* Products */ = {
			isa = PBXGroup;
			children = (
				AAA252392C7D7D0500DD699C /* Toast.app */,
				AAA2523B2C7D7D0500DD699C /* Toast.framework */,
			);
			name = Products;
			sourceTree = "<group>";
		};
		AAB2B68E2C7FDC9F00A7F33C /* ScrollNotification */ = {
			isa = PBXGroup;
			children = (
				AAB2B68F2C7FDCB200A7F33C /* GXScrollNotification.h */,
				AAB2B6902C7FDCC300A7F33C /* GXScrollNotification.m */,
				AA72D6282C803F8700957AAB /* GXScrollNotificationDataSource.h */,
				AA72D6292C803F8700957AAB /* GXScrollNotificationDelegate.h */,
			);
			path = ScrollNotification;
			sourceTree = "<group>";
		};
		AAC972A12C78FE3000C4CDB9 = {
			isa = PBXGroup;
			children = (
				AA15A1212C79C4F000303776 /* Vendors */,
				AAC972C62C78FE5700C4CDB9 /* Others */,
				AAC972AC2C78FE3000C4CDB9 /* Sources */,
				AAC972AB2C78FE3000C4CDB9 /* Products */,
				AA4F33372C7C87CD00F37F51 /* Frameworks */,
			);
			sourceTree = "<group>";
		};
		AAC972AB2C78FE3000C4CDB9 /* Products */ = {
			isa = PBXGroup;
			children = (
				AAC972AA2C78FE3000C4CDB9 /* gux-cocoatouch-objectivec.app */,
			);
			name = Products;
			sourceTree = "<group>";
		};
		AAC972AC2C78FE3000C4CDB9 /* Sources */ = {
			isa = PBXGroup;
			children = (
				AAF7CA592C83410800AF9574 /* Common */,
				AA99C6812C790580008B53E9 /* VC */,
				AAC972AD2C78FE3000C4CDB9 /* AppDelegate.h */,
				AAC972AE2C78FE3000C4CDB9 /* AppDelegate.m */,
				AAC972BF2C78FE3200C4CDB9 /* main.m */,
			);
			path = Sources;
			sourceTree = "<group>";
		};
		AAC972C62C78FE5700C4CDB9 /* Others */ = {
			isa = PBXGroup;
			children = (
				AA4F595C2C80AFA200846508 /* iconfont.ttf */,
				AAC972B92C78FE3200C4CDB9 /* Assets.xcassets */,
				AAC972BE2C78FE3200C4CDB9 /* Info.plist */,
			);
			path = Others;
			sourceTree = "<group>";
		};
		AAF16B712C7B1146001F8EAB /* Widget */ = {
			isa = PBXGroup;
			children = (
				AA271DE62C81E614000C266D /* CircularPercentage */,
				AA4F595E2C80BF2900846508 /* Common */,
				AA4F595B2C80A1FD00846508 /* GridView */,
				AA4F595A2C809E7800846508 /* ListView */,
				AAB2B68E2C7FDC9F00A7F33C /* ScrollNotification */,
				AA500CF22C7F7B8500D8AAD2 /* TwoColumnForm */,
				AA500CF12C7F7B7500D8AAD2 /* SingleColumnForm */,
				AAF16B722C7B114D001F8EAB /* SwiperNavigator */,
			);
			path = Widget;
			sourceTree = "<group>";
		};
		AAF16B722C7B114D001F8EAB /* SwiperNavigator */ = {
			isa = PBXGroup;
			children = (
				AAF16B732C7B11A9001F8EAB /* GXSwiperNavigator.h */,
				AAF16B742C7B11A9001F8EAB /* GXSwiperNavigator.m */,
				AA72D62D2C803FD300957AAB /* GXSwiperNavigatorDataSource.h */,
				AA72D62A2C803FA800957AAB /* GXSwiperNavigatorDelegate.h */,
			);
			path = SwiperNavigator;
			sourceTree = "<group>";
		};
		AAF16B792C7B966D001F8EAB /* Page */ = {
			isa = PBXGroup;
			children = (
				AAF16B7E2C7B970C001F8EAB /* Widget */,
			);
			path = Page;
			sourceTree = "<group>";
		};
		AAF16B7A2C7B9677001F8EAB /* Navigable */ = {
			isa = PBXGroup;
			children = (
				AA15A12F2C7A0DF900303776 /* WidgetViewController.h */,
				AA15A12D2C7A0DE200303776 /* WidgetViewController.m */,
				AA15A1322C7A0E4600303776 /* PageViewController.h */,
				AA15A1302C7A0E2A00303776 /* PageViewController.m */,
				AA15A1332C7A15B000303776 /* ApplicationViewController.h */,
				AA15A1342C7A15C200303776 /* ApplicationViewController.m */,
			);
			path = Navigable;
			sourceTree = "<group>";
		};
		AAF16B7E2C7B970C001F8EAB /* Widget */ = {
			isa = PBXGroup;
			children = (
				AAF16B7D2C7B96B7001F8EAB /* ListViewViewController.h */,
				AAF16B7B2C7B96A8001F8EAB /* ListViewViewController.m */,
				AAF7CA5F2C837C9200AF9574 /* GridViewViewController.h */,
				AAF7CA602C837CAA00AF9574 /* GridViewViewController.m */,
				AAA252452C7D99DE00DD699C /* ListNavigatorViewController.h */,
				AAA252432C7D99CE00DD699C /* ListNavigatorViewController.m */,
				AAEA22A52C7BC98700CBD9F4 /* CalendarViewController.h */,
				AAEA22A32C7BC97900CBD9F4 /* CalendarViewController.m */,
				AAEA22A62C7BD1B800CBD9F4 /* TabsViewController.h */,
				AAEA22A72C7BD1CB00CBD9F4 /* TabsViewController.m */,
				AA4F33452C7CCE4900F37F51 /* GridNavigatorViewController.h */,
				AA4F33462C7CCE6D00F37F51 /* GridNavigatorViewController.m */,
				AA502E9B2C7E242700691C96 /* ScrollNavigatorViewController.h */,
				AA502E9C2C7E243A00691C96 /* ScrollNavigatorViewController.m */,
				AA2799132C7EF1B7008C4660 /* SwiperNavigatorViewController.h */,
				AA2799142C7EF1CD008C4660 /* SwiperNavigatorViewController.m */,
				AAB2B6882C7FD4E900A7F33C /* EditableFormViewController.h */,
				AAB2B6892C7FD4FE00A7F33C /* EditableFormViewController.m */,
				AAB2B68A2C7FD61000A7F33C /* ReadonlyFormViewController.h */,
				AAB2B68B2C7FD61000A7F33C /* ReadonlyFormViewController.m */,
				AAEBD8E02C81A0BC00DE4239 /* BarChartViewController.h */,
				AAEBD8E12C81A0D200DE4239 /* BarChartViewController.m */,
				AA271DDC2C81C1B9000C266D /* LineChartViewController.h */,
				AA271DDD2C81C1CC000C266D /* LineChartViewController.m */,
				AA271DDE2C81C1E9000C266D /* PieChartViewController.h */,
				AA271DDF2C81C200000C266D /* PieChartViewController.m */,
				AA271DE02C81C286000C266D /* GaugeChartViewController.h */,
				AA271DE12C81C297000C266D /* GaugeChartViewController.m */,
				AAF7CA552C82A7DD00AF9574 /* BottomSheetViewController.h */,
				AAF7CA562C82A7F200AF9574 /* BottomSheetViewController.m */,
			);
			path = Widget;
			sourceTree = "<group>";
		};
		AAF7CA592C83410800AF9574 /* Common */ = {
			isa = PBXGroup;
			children = (
				AA500CFA2C7F94D500D8AAD2 /* SDK.h */,
				AA500CFB2C7F94E900D8AAD2 /* SDK.m */,
				AAF16B762C7B6E1D001F8EAB /* Styles.h */,
				AAF16B772C7B6E29001F8EAB /* Styles.m */,
			);
			path = Common;
			sourceTree = "<group>";
		};
/* End PBXGroup section */

/* Begin PBXNativeTarget section */
		AAC972A92C78FE3000C4CDB9 /* gux-cocoatouch-objectivec */ = {
			isa = PBXNativeTarget;
			buildConfigurationList = AAC972C32C78FE3200C4CDB9 /* Build configuration list for PBXNativeTarget "gux-cocoatouch-objectivec" */;
			buildPhases = (
				AAC972A62C78FE3000C4CDB9 /* Sources */,
				AAC972A72C78FE3000C4CDB9 /* Frameworks */,
				AAC972A82C78FE3000C4CDB9 /* Resources */,
				AAA252422C7D8D0A00DD699C /* Embed Frameworks */,
			);
			buildRules = (
			);
			dependencies = (
			);
			name = "gux-cocoatouch-objectivec";
			packageProductDependencies = (
				AAEA22A12C7BC8F500CBD9F4 /* FSCalendar */,
				AA4F333F2C7CA9D000F37F51 /* DSFSparkline */,
				AA4F33432C7CA9D000F37F51 /* DSFSparkline-static */,
				AAA252472C7DB64A00DD699C /* DGCharts */,
				AA72D6322C80875900957AAB /* ActionSheetPicker-3.0 */,
			);
			productName = "gux-cocoatouch-objectivec";
			productReference = AAC972AA2C78FE3000C4CDB9 /* gux-cocoatouch-objectivec.app */;
			productType = "com.apple.product-type.application";
		};
/* End PBXNativeTarget section */

/* Begin PBXProject section */
		AAC972A22C78FE3000C4CDB9 /* Project object */ = {
			isa = PBXProject;
			attributes = {
				BuildIndependentTargetsInParallel = 1;
				LastUpgradeCheck = 1530;
				TargetAttributes = {
					AAC972A92C78FE3000C4CDB9 = {
						CreatedOnToolsVersion = 15.3;
					};
				};
			};
			buildConfigurationList = AAC972A52C78FE3000C4CDB9 /* Build configuration list for PBXProject "gux-cocoatouch-objectivec" */;
			compatibilityVersion = "Xcode 14.0";
			developmentRegion = en;
			hasScannedForEncodings = 0;
			knownRegions = (
				en,
				Base,
			);
			mainGroup = AAC972A12C78FE3000C4CDB9;
			packageReferences = (
				AAEA22A02C7BC8F500CBD9F4 /* XCLocalSwiftPackageReference "Vendors/FSCalendar-2.8.3" */,
				AA4F333E2C7CA9D000F37F51 /* XCLocalSwiftPackageReference "Vendors/DSFSparkline-6.0.2" */,
				AAA252462C7DB64A00DD699C /* XCLocalSwiftPackageReference "Vendors/Charts-5.1.0" */,
				AA72D6312C80875900957AAB /* XCLocalSwiftPackageReference "Vendors/ActionSheetPicker-3.0-2.7.4" */,
			);
			productRefGroup = AAC972AB2C78FE3000C4CDB9 /* Products */;
			projectDirPath = "";
			projectReferences = (
				{
					ProductGroup = AAA252342C7D7D0500DD699C /* Products */;
					ProjectRef = AA4F332E2C7C866A00F37F51 /* Toast.xcodeproj */;
				},
			);
			projectRoot = "";
			targets = (
				AAC972A92C78FE3000C4CDB9 /* gux-cocoatouch-objectivec */,
			);
		};
/* End PBXProject section */

/* Begin PBXReferenceProxy section */
		AAA252392C7D7D0500DD699C /* Toast.app */ = {
			isa = PBXReferenceProxy;
			fileType = wrapper.application;
			path = Toast.app;
			remoteRef = AAA252382C7D7D0500DD699C /* PBXContainerItemProxy */;
			sourceTree = BUILT_PRODUCTS_DIR;
		};
		AAA2523B2C7D7D0500DD699C /* Toast.framework */ = {
			isa = PBXReferenceProxy;
			fileType = wrapper.framework;
			path = Toast.framework;
			remoteRef = AAA2523A2C7D7D0500DD699C /* PBXContainerItemProxy */;
			sourceTree = BUILT_PRODUCTS_DIR;
		};
/* End PBXReferenceProxy section */

/* Begin PBXResourcesBuildPhase section */
		AAC972A82C78FE3000C4CDB9 /* Resources */ = {
			isa = PBXResourcesBuildPhase;
			buildActionMask = 2147483647;
			files = (
				AA4F595D2C80AFA200846508 /* iconfont.ttf in Resources */,
				AAC972BA2C78FE3200C4CDB9 /* Assets.xcassets in Resources */,
			);
			runOnlyForDeploymentPostprocessing = 0;
		};
/* End PBXResourcesBuildPhase section */

/* Begin PBXSourcesBuildPhase section */
		AAC972A62C78FE3000C4CDB9 /* Sources */ = {
			isa = PBXSourcesBuildPhase;
			buildActionMask = 2147483647;
			files = (
				AAF7CA5E2C8374C100AF9574 /* GXGridView.m in Sources */,
				AAF7CA572C82A83A00AF9574 /* BottomSheetViewController.m in Sources */,
				AA271DEB2C821126000C266D /* GXCircularPercentage.m in Sources */,
				AA271DEC2C821126000C266D /* GXCircularPercentageLayer.m in Sources */,
				AA271DE22C81C36F000C266D /* LineChartViewController.m in Sources */,
				AA271DE32C81C36F000C266D /* PieChartViewController.m in Sources */,
				AA271DE42C81C36F000C266D /* GaugeChartViewController.m in Sources */,
				AAEBD8E22C81A17A00DE4239 /* BarChartViewController.m in Sources */,
				AAB2B6932C7FE0F800A7F33C /* GXScrollNotification.m in Sources */,
				AAB2B68C2C7FD6CC00A7F33C /* EditableFormViewController.m in Sources */,
				AAB2B68D2C7FD6CC00A7F33C /* ReadonlyFormViewController.m in Sources */,
				AAF7CA612C837CAA00AF9574 /* GridViewViewController.m in Sources */,
				AA500CFC2C7F94E900D8AAD2 /* SDK.m in Sources */,
				AA2799152C7EF2F0008C4660 /* SwiperNavigatorViewController.m in Sources */,
				AA502E9D2C7E278B00691C96 /* ScrollNavigatorViewController.m in Sources */,
				AA4F333D2C7C933D00F37F51 /* XHR.m in Sources */,
				AA15A1312C7A0E2A00303776 /* PageViewController.m in Sources */,
				AA15A1352C7A15C200303776 /* ApplicationViewController.m in Sources */,
				AAEA22A82C7BD1CB00CBD9F4 /* TabsViewController.m in Sources */,
				AAF16B752C7B11A9001F8EAB /* GXSwiperNavigator.m in Sources */,
				AA15A12C2C79C90D00303776 /* GUX.m in Sources */,
				AAEA22A42C7BC97900CBD9F4 /* CalendarViewController.m in Sources */,
				AA99C6832C79059A008B53E9 /* WelcomeViewController.m in Sources */,
				AA500CF82C7F7BD600D8AAD2 /* GXSingleColumnForm.m in Sources */,
				AAC972B52C78FE3000C4CDB9 /* MainViewController.m in Sources */,
				AA500CF02C7F5C1A00D8AAD2 /* iCarousel.m in Sources */,
				AAC972AF2C78FE3000C4CDB9 /* AppDelegate.m in Sources */,
				AAF16B782C7B6E29001F8EAB /* Styles.m in Sources */,
				AAF16B7C2C7B96A8001F8EAB /* ListViewViewController.m in Sources */,
				AA500CF52C7F7BAD00D8AAD2 /* GXTwoColumnForm.m in Sources */,
				AA15A12E2C7A0DE300303776 /* WidgetViewController.m in Sources */,
				AA4F33472C7CCE6D00F37F51 /* GridNavigatorViewController.m in Sources */,
				AAA252442C7D99CE00DD699C /* ListNavigatorViewController.m in Sources */,
				AA4F59612C80BF5400846508 /* GXTextField.m in Sources */,
				AA4F59642C80DA8100846508 /* GXListView.m in Sources */,
				AAC972C02C78FE3200C4CDB9 /* main.m in Sources */,
			);
			runOnlyForDeploymentPostprocessing = 0;
		};
/* End PBXSourcesBuildPhase section */

/* Begin XCBuildConfiguration section */
		AAC972C12C78FE3200C4CDB9 /* Debug */ = {
			isa = XCBuildConfiguration;
			buildSettings = {
				ALWAYS_SEARCH_USER_PATHS = NO;
				ASSETCATALOG_COMPILER_GENERATE_SWIFT_ASSET_SYMBOL_EXTENSIONS = YES;
				CLANG_ANALYZER_NONNULL = YES;
				CLANG_ANALYZER_NUMBER_OBJECT_CONVERSION = YES_AGGRESSIVE;
				CLANG_CXX_LANGUAGE_STANDARD = "gnu++20";
				CLANG_ENABLE_MODULES = YES;
				CLANG_ENABLE_OBJC_ARC = YES;
				CLANG_ENABLE_OBJC_WEAK = YES;
				CLANG_WARN_BLOCK_CAPTURE_AUTORELEASING = YES;
				CLANG_WARN_BOOL_CONVERSION = YES;
				CLANG_WARN_COMMA = YES;
				CLANG_WARN_CONSTANT_CONVERSION = YES;
				CLANG_WARN_DEPRECATED_OBJC_IMPLEMENTATIONS = YES;
				CLANG_WARN_DIRECT_OBJC_ISA_USAGE = YES_ERROR;
				CLANG_WARN_DOCUMENTATION_COMMENTS = YES;
				CLANG_WARN_EMPTY_BODY = YES;
				CLANG_WARN_ENUM_CONVERSION = YES;
				CLANG_WARN_INFINITE_RECURSION = YES;
				CLANG_WARN_INT_CONVERSION = YES;
				CLANG_WARN_NON_LITERAL_NULL_CONVERSION = YES;
				CLANG_WARN_OBJC_IMPLICIT_RETAIN_SELF = YES;
				CLANG_WARN_OBJC_LITERAL_CONVERSION = YES;
				CLANG_WARN_OBJC_ROOT_CLASS = YES_ERROR;
				CLANG_WARN_QUOTED_INCLUDE_IN_FRAMEWORK_HEADER = YES;
				CLANG_WARN_RANGE_LOOP_ANALYSIS = YES;
				CLANG_WARN_STRICT_PROTOTYPES = YES;
				CLANG_WARN_SUSPICIOUS_MOVE = YES;
				CLANG_WARN_UNGUARDED_AVAILABILITY = YES_AGGRESSIVE;
				CLANG_WARN_UNREACHABLE_CODE = YES;
				CLANG_WARN__DUPLICATE_METHOD_MATCH = YES;
				COPY_PHASE_STRIP = NO;
				DEBUG_INFORMATION_FORMAT = dwarf;
				ENABLE_STRICT_OBJC_MSGSEND = YES;
				ENABLE_TESTABILITY = YES;
				ENABLE_USER_SCRIPT_SANDBOXING = YES;
				GCC_C_LANGUAGE_STANDARD = gnu17;
				GCC_DYNAMIC_NO_PIC = NO;
				GCC_NO_COMMON_BLOCKS = YES;
				GCC_OPTIMIZATION_LEVEL = 0;
				GCC_PREPROCESSOR_DEFINITIONS = (
					"DEBUG=1",
					"$(inherited)",
				);
				GCC_WARN_64_TO_32_BIT_CONVERSION = YES;
				GCC_WARN_ABOUT_RETURN_TYPE = YES_ERROR;
				GCC_WARN_UNDECLARED_SELECTOR = YES;
				GCC_WARN_UNINITIALIZED_AUTOS = YES_AGGRESSIVE;
				GCC_WARN_UNUSED_FUNCTION = YES;
				GCC_WARN_UNUSED_VARIABLE = YES;
				IPHONEOS_DEPLOYMENT_TARGET = 13.0;
				LOCALIZATION_PREFERS_STRING_CATALOGS = YES;
				MTL_ENABLE_DEBUG_INFO = INCLUDE_SOURCE;
				MTL_FAST_MATH = YES;
				ONLY_ACTIVE_ARCH = YES;
				SDKROOT = iphoneos;
			};
			name = Debug;
		};
		AAC972C22C78FE3200C4CDB9 /* Release */ = {
			isa = XCBuildConfiguration;
			buildSettings = {
				ALWAYS_SEARCH_USER_PATHS = NO;
				ASSETCATALOG_COMPILER_GENERATE_SWIFT_ASSET_SYMBOL_EXTENSIONS = YES;
				CLANG_ANALYZER_NONNULL = YES;
				CLANG_ANALYZER_NUMBER_OBJECT_CONVERSION = YES_AGGRESSIVE;
				CLANG_CXX_LANGUAGE_STANDARD = "gnu++20";
				CLANG_ENABLE_MODULES = YES;
				CLANG_ENABLE_OBJC_ARC = YES;
				CLANG_ENABLE_OBJC_WEAK = YES;
				CLANG_WARN_BLOCK_CAPTURE_AUTORELEASING = YES;
				CLANG_WARN_BOOL_CONVERSION = YES;
				CLANG_WARN_COMMA = YES;
				CLANG_WARN_CONSTANT_CONVERSION = YES;
				CLANG_WARN_DEPRECATED_OBJC_IMPLEMENTATIONS = YES;
				CLANG_WARN_DIRECT_OBJC_ISA_USAGE = YES_ERROR;
				CLANG_WARN_DOCUMENTATION_COMMENTS = YES;
				CLANG_WARN_EMPTY_BODY = YES;
				CLANG_WARN_ENUM_CONVERSION = YES;
				CLANG_WARN_INFINITE_RECURSION = YES;
				CLANG_WARN_INT_CONVERSION = YES;
				CLANG_WARN_NON_LITERAL_NULL_CONVERSION = YES;
				CLANG_WARN_OBJC_IMPLICIT_RETAIN_SELF = YES;
				CLANG_WARN_OBJC_LITERAL_CONVERSION = YES;
				CLANG_WARN_OBJC_ROOT_CLASS = YES_ERROR;
				CLANG_WARN_QUOTED_INCLUDE_IN_FRAMEWORK_HEADER = YES;
				CLANG_WARN_RANGE_LOOP_ANALYSIS = YES;
				CLANG_WARN_STRICT_PROTOTYPES = YES;
				CLANG_WARN_SUSPICIOUS_MOVE = YES;
				CLANG_WARN_UNGUARDED_AVAILABILITY = YES_AGGRESSIVE;
				CLANG_WARN_UNREACHABLE_CODE = YES;
				CLANG_WARN__DUPLICATE_METHOD_MATCH = YES;
				COPY_PHASE_STRIP = NO;
				DEBUG_INFORMATION_FORMAT = "dwarf-with-dsym";
				ENABLE_NS_ASSERTIONS = NO;
				ENABLE_STRICT_OBJC_MSGSEND = YES;
				ENABLE_USER_SCRIPT_SANDBOXING = YES;
				GCC_C_LANGUAGE_STANDARD = gnu17;
				GCC_NO_COMMON_BLOCKS = YES;
				GCC_WARN_64_TO_32_BIT_CONVERSION = YES;
				GCC_WARN_ABOUT_RETURN_TYPE = YES_ERROR;
				GCC_WARN_UNDECLARED_SELECTOR = YES;
				GCC_WARN_UNINITIALIZED_AUTOS = YES_AGGRESSIVE;
				GCC_WARN_UNUSED_FUNCTION = YES;
				GCC_WARN_UNUSED_VARIABLE = YES;
				IPHONEOS_DEPLOYMENT_TARGET = 13.0;
				LOCALIZATION_PREFERS_STRING_CATALOGS = YES;
				MTL_ENABLE_DEBUG_INFO = NO;
				MTL_FAST_MATH = YES;
				SDKROOT = iphoneos;
				VALIDATE_PRODUCT = YES;
			};
			name = Release;
		};
		AAC972C42C78FE3200C4CDB9 /* Debug */ = {
			isa = XCBuildConfiguration;
			buildSettings = {
				ASSETCATALOG_COMPILER_APPICON_NAME = AppIcon;
				ASSETCATALOG_COMPILER_GLOBAL_ACCENT_COLOR_NAME = AccentColor;
				CODE_SIGN_STYLE = Automatic;
				CURRENT_PROJECT_VERSION = 1;
				DEFINES_MODULE = YES;
				DEVELOPMENT_TEAM = H6X9G3CYFJ;
				GENERATE_INFOPLIST_FILE = YES;
				HEADER_SEARCH_PATHS = (
					Vendors,
					Sources,
					"Vendors/Toast-4.1.1",
					"Vendors/iCarousel-1.8.3/iCarousel",
				);
				INFOPLIST_FILE = Others/Info.plist;
				INFOPLIST_KEY_CFBundleDisplayName = "GUX Cocoatouch";
				INFOPLIST_KEY_UIApplicationSupportsIndirectInputEvents = YES;
				INFOPLIST_KEY_UIRequiresFullScreen = YES;
				INFOPLIST_KEY_UISupportedInterfaceOrientations_iPad = "UIInterfaceOrientationPortrait UIInterfaceOrientationPortraitUpsideDown UIInterfaceOrientationLandscapeLeft UIInterfaceOrientationLandscapeRight";
				INFOPLIST_KEY_UISupportedInterfaceOrientations_iPhone = "UIInterfaceOrientationPortrait UIInterfaceOrientationLandscapeLeft UIInterfaceOrientationLandscapeRight";
				IPHONEOS_DEPLOYMENT_TARGET = 13.0;
				LD_RUNPATH_SEARCH_PATHS = (
					"$(inherited)",
					"@executable_path/Frameworks",
				);
				MARKETING_VERSION = 1.0;
				PRODUCT_BUNDLE_IDENTIFIER = "ui.doublegsoft.gux.gux-cocoatouch-objectivec";
				PRODUCT_NAME = "$(TARGET_NAME)";
				SWIFT_EMIT_LOC_STRINGS = YES;
				TARGETED_DEVICE_FAMILY = "1,2";
			};
			name = Debug;
		};
		AAC972C52C78FE3200C4CDB9 /* Release */ = {
			isa = XCBuildConfiguration;
			buildSettings = {
				ASSETCATALOG_COMPILER_APPICON_NAME = AppIcon;
				ASSETCATALOG_COMPILER_GLOBAL_ACCENT_COLOR_NAME = AccentColor;
				CODE_SIGN_STYLE = Automatic;
				CURRENT_PROJECT_VERSION = 1;
				DEFINES_MODULE = YES;
				DEVELOPMENT_TEAM = H6X9G3CYFJ;
				GENERATE_INFOPLIST_FILE = YES;
				HEADER_SEARCH_PATHS = (
					Vendors,
					Sources,
					"Vendors/Toast-4.1.1",
					"Vendors/iCarousel-1.8.3/iCarousel",
				);
				INFOPLIST_FILE = Others/Info.plist;
				INFOPLIST_KEY_CFBundleDisplayName = "GUX Cocoatouch";
				INFOPLIST_KEY_UIApplicationSupportsIndirectInputEvents = YES;
				INFOPLIST_KEY_UIRequiresFullScreen = YES;
				INFOPLIST_KEY_UISupportedInterfaceOrientations_iPad = "UIInterfaceOrientationPortrait UIInterfaceOrientationPortraitUpsideDown UIInterfaceOrientationLandscapeLeft UIInterfaceOrientationLandscapeRight";
				INFOPLIST_KEY_UISupportedInterfaceOrientations_iPhone = "UIInterfaceOrientationPortrait UIInterfaceOrientationLandscapeLeft UIInterfaceOrientationLandscapeRight";
				IPHONEOS_DEPLOYMENT_TARGET = 13.0;
				LD_RUNPATH_SEARCH_PATHS = (
					"$(inherited)",
					"@executable_path/Frameworks",
				);
				MARKETING_VERSION = 1.0;
				PRODUCT_BUNDLE_IDENTIFIER = "ui.doublegsoft.gux.gux-cocoatouch-objectivec";
				PRODUCT_NAME = "$(TARGET_NAME)";
				SWIFT_EMIT_LOC_STRINGS = YES;
				TARGETED_DEVICE_FAMILY = "1,2";
			};
			name = Release;
		};
/* End XCBuildConfiguration section */

/* Begin XCConfigurationList section */
		AAC972A52C78FE3000C4CDB9 /* Build configuration list for PBXProject "gux-cocoatouch-objectivec" */ = {
			isa = XCConfigurationList;
			buildConfigurations = (
				AAC972C12C78FE3200C4CDB9 /* Debug */,
				AAC972C22C78FE3200C4CDB9 /* Release */,
			);
			defaultConfigurationIsVisible = 0;
			defaultConfigurationName = Release;
		};
		AAC972C32C78FE3200C4CDB9 /* Build configuration list for PBXNativeTarget "gux-cocoatouch-objectivec" */ = {
			isa = XCConfigurationList;
			buildConfigurations = (
				AAC972C42C78FE3200C4CDB9 /* Debug */,
				AAC972C52C78FE3200C4CDB9 /* Release */,
			);
			defaultConfigurationIsVisible = 0;
			defaultConfigurationName = Release;
		};
/* End XCConfigurationList section */

/* Begin XCLocalSwiftPackageReference section */
		AA4F333E2C7CA9D000F37F51 /* XCLocalSwiftPackageReference "Vendors/DSFSparkline-6.0.2" */ = {
			isa = XCLocalSwiftPackageReference;
			relativePath = "Vendors/DSFSparkline-6.0.2";
		};
		AA72D6312C80875900957AAB /* XCLocalSwiftPackageReference "Vendors/ActionSheetPicker-3.0-2.7.4" */ = {
			isa = XCLocalSwiftPackageReference;
			relativePath = "Vendors/ActionSheetPicker-3.0-2.7.4";
		};
		AAA252462C7DB64A00DD699C /* XCLocalSwiftPackageReference "Vendors/Charts-5.1.0" */ = {
			isa = XCLocalSwiftPackageReference;
			relativePath = "Vendors/Charts-5.1.0";
		};
		AAEA22A02C7BC8F500CBD9F4 /* XCLocalSwiftPackageReference "Vendors/FSCalendar-2.8.3" */ = {
			isa = XCLocalSwiftPackageReference;
			relativePath = "Vendors/FSCalendar-2.8.3";
		};
/* End XCLocalSwiftPackageReference section */

/* Begin XCSwiftPackageProductDependency section */
		AA4F333F2C7CA9D000F37F51 /* DSFSparkline */ = {
			isa = XCSwiftPackageProductDependency;
			productName = DSFSparkline;
		};
		AA4F33432C7CA9D000F37F51 /* DSFSparkline-static */ = {
			isa = XCSwiftPackageProductDependency;
			productName = "DSFSparkline-static";
		};
		AA72D6322C80875900957AAB /* ActionSheetPicker-3.0 */ = {
			isa = XCSwiftPackageProductDependency;
			productName = "ActionSheetPicker-3.0";
		};
		AAA252472C7DB64A00DD699C /* DGCharts */ = {
			isa = XCSwiftPackageProductDependency;
			productName = DGCharts;
		};
		AAEA22A12C7BC8F500CBD9F4 /* FSCalendar */ = {
			isa = XCSwiftPackageProductDependency;
			productName = FSCalendar;
		};
/* End XCSwiftPackageProductDependency section */
	};
	rootObject = AAC972A22C78FE3000C4CDB9 /* Project object */;
}
